
Microsoft Visual Studio Solution File, Format Version 12.00
# Visual Studio Version 17
VisualStudioVersion = 17.7.34003.232
MinimumVisualStudioVersion = 10.0.40219.1
Project("{FAE04EC0-301F-11D3-BF4B-00C04F79EFBC}") = "To-Do List", "To-Do List\To-Do List.csproj", "{C6F4BA1B-092F-478B-92D9-0874BFB07AC4}"
EndProject
Global
	GlobalSection(SolutionConfigurationPlatforms) = preSolution
		Debug|Any CPU = Debug|Any CPU
		Release|Any CPU = Release|Any CPU
	EndGlobalSection
	GlobalSection(ProjectConfigurationPlatforms) = postSolution
		{C6F4BA1B-092F-478B-92D9-0874BFB07AC4}.Debug|Any CPU.ActiveCfg = Debug|Any CPU
		{C6F4BA1B-092F-478B-92D9-0874BFB07AC4}.Debug|Any CPU.Build.0 = Debug|Any CPU
		{C6F4BA1B-092F-478B-92D9-0874BFB07AC4}.Release|Any CPU.ActiveCfg = Release|Any CPU
		{C6F4BA1B-092F-478B-92D9-0874BFB07AC4}.Release|Any CPU.Build.0 = Release|Any CPU
	EndGlobalSection
	GlobalSection(SolutionProperties) = preSolution
		HideSolutionNode = FALSE
	EndGlobalSection
	GlobalSection(ExtensibilityGlobals) = postSolution
		SolutionGuid = {4D0ED2C3-EA2A-4F24-8089-1688FDB61E35}
	EndGlobalSection
EndGlobal
